
Microsoft Visual Studio Solution File, Format Version 12.00
# Visual Studio Version 17
VisualStudioVersion = 17.10.35013.160
MinimumVisualStudioVersion = 10.0.40219.1
Project("{888888A0-9F3D-457C-B088-3A5042F75D52}") = "Password Manager Protective", "Password Manager Protective\Password Manager Protective.pyproj", "{AFCC64C3-0072-45AF-A08D-70947A0FC1CA}"
EndProject
Global
	GlobalSection(SolutionConfigurationPlatforms) = preSolution
		Debug|Any CPU = Debug|Any CPU
		Release|Any CPU = Release|Any CPU
	EndGlobalSection
	GlobalSection(ProjectConfigurationPlatforms) = postSolution
		{AFCC64C3-0072-45AF-A08D-70947A0FC1CA}.Debug|Any CPU.ActiveCfg = Debug|Any CPU
		{AFCC64C3-0072-45AF-A08D-70947A0FC1CA}.Release|Any CPU.ActiveCfg = Release|Any CPU
	EndGlobalSection
	GlobalSection(SolutionProperties) = preSolution
		HideSolutionNode = FALSE
	EndGlobalSection
	GlobalSection(ExtensibilityGlobals) = postSolution
		SolutionGuid = {C071DF58-8FEE-449B-BA30-2D79085BD1FD}
	EndGlobalSection
EndGlobal
